
Microsoft Visual Studio Solution File, Format Version 12.00
# Visual Studio Version 16
VisualStudioVersion = 16.0.30611.23
MinimumVisualStudioVersion = 10.0.40219.1
Project("{FAE04EC0-301F-11D3-BF4B-00C04F79EFBC}") = "AuthTest.API", "AuthTest.API\AuthTest.API.csproj", "{4F8F4410-39C7-4017-814F-062ED835DD50}"
EndProject
Global
	GlobalSection(SolutionConfigurationPlatforms) = preSolution
		Debug|Any CPU = Debug|Any CPU
		Release|Any CPU = Release|Any CPU
	EndGlobalSection
	GlobalSection(ProjectConfigurationPlatforms) = postSolution
		{4F8F4410-39C7-4017-814F-062ED835DD50}.Debug|Any CPU.ActiveCfg = Debug|Any CPU
		{4F8F4410-39C7-4017-814F-062ED835DD50}.Debug|Any CPU.Build.0 = Debug|Any CPU
		{4F8F4410-39C7-4017-814F-062ED835DD50}.Release|Any CPU.ActiveCfg = Release|Any CPU
		{4F8F4410-39C7-4017-814F-062ED835DD50}.Release|Any CPU.Build.0 = Release|Any CPU
	EndGlobalSection
	GlobalSection(SolutionProperties) = preSolution
		HideSolutionNode = FALSE
	EndGlobalSection
	GlobalSection(ExtensibilityGlobals) = postSolution
		SolutionGuid = {E3DBD3D5-ACAE-4EB8-861B-8BAC76FF5571}
	EndGlobalSection
EndGlobal
